
Microsoft Visual Studio Solution File, Format Version 12.00
# Visual Studio 15
Project("{FAE04EC0-301F-11D3-BF4B-00C04F79EFBC}") = "thirdClass", "thirdClass\thirdClass.csproj", "{F9A19C75-F7AA-4580-9DD6-C16F1974DAA3}"
EndProject
Global
	GlobalSection(SolutionConfigurationPlatforms) = preSolution
		Debug|Any CPU = Debug|Any CPU
		Release|Any CPU = Release|Any CPU
	EndGlobalSection
	GlobalSection(ProjectConfigurationPlatforms) = postSolution
		{F9A19C75-F7AA-4580-9DD6-C16F1974DAA3}.Debug|Any CPU.ActiveCfg = Debug|Any CPU
		{F9A19C75-F7AA-4580-9DD6-C16F1974DAA3}.Debug|Any CPU.Build.0 = Debug|Any CPU
		{F9A19C75-F7AA-4580-9DD6-C16F1974DAA3}.Release|Any CPU.ActiveCfg = Release|Any CPU
		{F9A19C75-F7AA-4580-9DD6-C16F1974DAA3}.Release|Any CPU.Build.0 = Release|Any CPU
	EndGlobalSection
EndGlobal
